// !$*UTF8*$!
{
	archiveVersion = 1;
	classes = {
	};
	objectVersion = 46;
	objects = {

/* Begin PBXBuildFile section */
		6D57D4BA146D7A40002DBAF7 /* UIKit.framework in Frameworks */ = {isa = PBXBuildFile; fileRef = 6D57D4B9146D7A40002DBAF7 /* UIKit.framework */; };
		6D57D4BC146D7A40002DBAF7 /* Foundation.framework in Frameworks */ = {isa = PBXBuildFile; fileRef = 6D57D4BB146D7A40002DBAF7 /* Foundation.framework */; };
		6D57D4BE146D7A40002DBAF7 /* CoreGraphics.framework in Frameworks */ = {isa = PBXBuildFile; fileRef = 6D57D4BD146D7A40002DBAF7 /* CoreGraphics.framework */; };
		6D57D4C4146D7A40002DBAF7 /* InfoPlist.strings in Resources */ = {isa = PBXBuildFile; fileRef = 6D57D4C2146D7A40002DBAF7 /* InfoPlist.strings */; };
		6D57D4C6146D7A40002DBAF7 /* main.m in Sources */ = {isa = PBXBuildFile; fileRef = 6D57D4C5146D7A40002DBAF7 /* main.m */; };
		6D57D4CA146D7A40002DBAF7 /* AppDelegate.m in Sources */ = {isa = PBXBuildFile; fileRef = 6D57D4C9146D7A40002DBAF7 /* AppDelegate.m */; };
/* End PBXBuildFile section */

/* Begin PBXFileReference section */
		6D57D4B5146D7A40002DBAF7 /* MobileNewsGallery.app */ = {isa = PBXFileReference; explicitFileType = wrapper.application; includeInIndex = 0; path = MobileNewsGallery.app; sourceTree = BUILT_PRODUCTS_DIR; };
		6D57D4B9146D7A40002DBAF7 /* UIKit.framework */ = {isa = PBXFileReference; lastKnownFileType = wrapper.framework; name = UIKit.framework; path = System/Library/Frameworks/UIKit.framework; sourceTree = SDKROOT; };
		6D57D4BB146D7A40002DBAF7 /* Foundation.framework */ = {isa = PBXFileReference; lastKnownFileType = wrapper.framework; name = Foundation.framework; path = System/Library/Frameworks/Foundation.framework; sourceTree = SDKROOT; };
		6D57D4BD146D7A40002DBAF7 /* CoreGraphics.framework */ = {isa = PBXFileReference; lastKnownFileType = wrapper.framework; name = CoreGraphics.framework; path = System/Library/Frameworks/CoreGraphics.framework; sourceTree = SDKROOT; };
		6D57D4C1146D7A40002DBAF7 /* MobileNewsGallery-Info.plist */ = {isa = PBXFileReference; path = "MobileNewsGallery-Info.plist"; sourceTree = "<group>"; };
		6D57D4C3146D7A40002DBAF7 /* en */ = {isa = PBXFileReference; lastKnownFileType = text.plist.strings; name = en; path = en.lproj/InfoPlist.strings; sourceTree = "<group>"; };
		6D57D4C5146D7A40002DBAF7 /* main.m */ = {isa = PBXFileReference; lastKnownFileType = sourcecode.c.objc; path = main.m; sourceTree = "<group>"; };
		6D57D4C7146D7A40002DBAF7 /* MobileNewsGallery-Prefix.pch */ = {isa = PBXFileReference; path = "MobileNewsGallery-Prefix.pch"; sourceTree = "<group>"; };
		6D57D4C8146D7A40002DBAF7 /* AppDelegate.h */ = {isa = PBXFileReference; path = AppDelegate.h; sourceTree = "<group>"; };
		6D57D4C9146D7A40002DBAF7 /* AppDelegate.m */ = {isa = PBXFileReference; lastKnownFileType = sourcecode.c.objc; path = AppDelegate.m; sourceTree = "<group>"; };
/* End PBXFileReference section */

/* Begin PBXFrameworksBuildPhase section */
		6D57D4B2146D7A40002DBAF7 /* Frameworks */ = {
			isa = PBXFrameworksBuildPhase;
			buildActionMask = 2147483647;
			files = (
				6D57D4BA146D7A40002DBAF7 /* UIKit.framework in Frameworks */,
				6D57D4BC146D7A40002DBAF7 /* Foundation.framework in Frameworks */,
				6D57D4BE146D7A40002DBAF7 /* CoreGraphics.framework in Frameworks */,
			);
			runOnlyForDeploymentPostprocessing = 0;
		};
/* End PBXFrameworksBuildPhase section */

/* Begin PBXGroup section */
		6D57D4AA146D7A40002DBAF7 = {
			isa = PBXGroup;
			children = (
				6D57D4BF146D7A40002DBAF7 /* MobileNewsGallery */,
				6D57D4B8146D7A40002DBAF7 /* Frameworks */,
				6D57D4B6146D7A40002DBAF7 /* Products */,
			);
			sourceTree = "<group>";
		};
		6D57D4B6146D7A40002DBAF7 /* Products */ = {
			isa = PBXGroup;
			children = (
				6D57D4B5146D7A40002DBAF7 /* MobileNewsGallery.app */,
			);
			name = Products;
			sourceTree = "<group>";
		};
		6D57D4B8146D7A40002DBAF7 /* Frameworks */ = {
			isa = PBXGroup;
			children = (
				6D57D4B9146D7A40002DBAF7 /* UIKit.framework */,
				6D57D4BB146D7A40002DBAF7 /* Foundation.framework */,
				6D57D4BD146D7A40002DBAF7 /* CoreGraphics.framework */,
			);
			name = Frameworks;
			sourceTree = "<group>";
		};
		6D57D4BF146D7A40002DBAF7 /* MobileNewsGallery */ = {
			isa = PBXGroup;
			children = (
				6D57D4C8146D7A40002DBAF7 /* AppDelegate.h */,
				6D57D4C9146D7A40002DBAF7 /* AppDelegate.m */,
				6D57D4C0146D7A40002DBAF7 /* Supporting Files */,
			);
			path = MobileNewsGallery;
			sourceTree = "<group>";
		};
		6D57D4C0146D7A40002DBAF7 /* Supporting Files */ = {
			isa = PBXGroup;
			children = (
				6D57D4C1146D7A40002DBAF7 /* MobileNewsGallery-Info.plist */,
				6D57D4C2146D7A40002DBAF7 /* InfoPlist.strings */,
				6D57D4C5146D7A40002DBAF7 /* main.m */,
				6D57D4C7146D7A40002DBAF7 /* MobileNewsGallery-Prefix.pch */,
			);
			name = "Supporting Files";
			sourceTree = "<group>";
		};
/* End PBXGroup section */

/* Begin PBXNativeTarget section */
		6D57D4B4146D7A40002DBAF7 /* MobileNewsGallery */ = {
			isa = PBXNativeTarget;
			buildConfigurationList = 6D57D4CD146D7A40002DBAF7 /* Build configuration list for PBXNativeTarget "MobileNewsGallery" */;
			buildPhases = (
				6D57D4B1146D7A40002DBAF7 /* Sources */,
				6D57D4B2146D7A40002DBAF7 /* Frameworks */,
				6D57D4B3146D7A40002DBAF7 /* Resources */,
			);
			buildRules = (
			);
			dependencies = (
			);
			name = MobileNewsGallery;
			productName = MobileNewsGallery;
			productReference = 6D57D4B5146D7A40002DBAF7 /* MobileNewsGallery.app */;
			productType = "com.apple.product-type.application";
		};
/* End PBXNativeTarget section */

/* Begin PBXProject section */
		6D57D4AC146D7A40002DBAF7 /* Project object */ = {
			isa = PBXProject;
			attributes = {
				LastUpgradeCheck = 0420;
			};
			buildConfigurationList = 6D57D4AF146D7A40002DBAF7 /* Build configuration list for PBXProject "MobileNewsGallery" */;
			compatibilityVersion = "Xcode 3.2";
			developmentRegion = English;
			hasScannedForEncodings = 0;
			knownRegions = (
				en,
			);
			mainGroup = 6D57D4AA146D7A40002DBAF7;
			productRefGroup = 6D57D4B6146D7A40002DBAF7 /* Products */;
			projectDirPath = "";
			projectRoot = "";
			targets = (
				6D57D4B4146D7A40002DBAF7 /* MobileNewsGallery */,
			);
		};
/* End PBXProject section */

/* Begin PBXResourcesBuildPhase section */
		6D57D4B3146D7A40002DBAF7 /* Resources */ = {
			isa = PBXResourcesBuildPhase;
			buildActionMask = 2147483647;
			files = (
				6D57D4C4146D7A40002DBAF7 /* InfoPlist.strings in Resources */,
			);
			runOnlyForDeploymentPostprocessing = 0;
		};
/* End PBXResourcesBuildPhase section */

/* Begin PBXSourcesBuildPhase section */
		6D57D4B1146D7A40002DBAF7 /* Sources */ = {
			isa = PBXSourcesBuildPhase;
			buildActionMask = 2147483647;
			files = (
				6D57D4C6146D7A40002DBAF7 /* main.m in Sources */,
				6D57D4CA146D7A40002DBAF7 /* AppDelegate.m in Sources */,
			);
			runOnlyForDeploymentPostprocessing = 0;
		};
/* End PBXSourcesBuildPhase section */

/* Begin PBXVariantGroup section */
		6D57D4C2146D7A40002DBAF7 /* InfoPlist.strings */ = {
			isa = PBXVariantGroup;
			children = (
				6D57D4C3146D7A40002DBAF7 /* en */,
			);
			name = InfoPlist.strings;
			sourceTree = "<group>";
		};
/* End PBXVariantGroup section */

/* Begin XCBuildConfiguration section */
		6D57D4CB146D7A40002DBAF7 /* Debug */ = {
			isa = XCBuildConfiguration;
			buildSettings = {
				ALWAYS_SEARCH_USER_PATHS = NO;
				ARCHS = "$(ARCHS_STANDARD_32_BIT)";
				"CODE_SIGN_IDENTITY[sdk=iphoneos*]" = "iPhone Developer";
				COPY_PHASE_STRIP = NO;
				GCC_C_LANGUAGE_STANDARD = gnu99;
				GCC_DYNAMIC_NO_PIC = NO;
				GCC_OPTIMIZATION_LEVEL = 0;
				GCC_PREPROCESSOR_DEFINITIONS = (
					"DEBUG=1",
					"$(inherited)",
				);
				GCC_SYMBOLS_PRIVATE_EXTERN = NO;
				GCC_VERSION = com.apple.compilers.llvm.clang.1_0;
				GCC_WARN_ABOUT_MISSING_PROTOTYPES = YES;
				GCC_WARN_ABOUT_RETURN_TYPE = YES;
				GCC_WARN_UNUSED_VARIABLE = YES;
				IPHONEOS_DEPLOYMENT_TARGET = 5.0;
				SDKROOT = iphoneos;
			};
			name = Debug;
		};
		6D57D4CC146D7A40002DBAF7 /* Release */ = {
			isa = XCBuildConfiguration;
			buildSettings = {
				ALWAYS_SEARCH_USER_PATHS = NO;
				ARCHS = "$(ARCHS_STANDARD_32_BIT)";
				"CODE_SIGN_IDENTITY[sdk=iphoneos*]" = "iPhone Developer";
				COPY_PHASE_STRIP = YES;
				GCC_C_LANGUAGE_STANDARD = gnu99;
				GCC_VERSION = com.apple.compilers.llvm.clang.1_0;
				GCC_WARN_ABOUT_MISSING_PROTOTYPES = YES;
				GCC_WARN_ABOUT_RETURN_TYPE = YES;
				GCC_WARN_UNUSED_VARIABLE = YES;
				IPHONEOS_DEPLOYMENT_TARGET = 5.0;
				OTHER_CFLAGS = "-DNS_BLOCK_ASSERTIONS=1";
				SDKROOT = iphoneos;
				VALIDATE_PRODUCT = YES;
			};
			name = Release;
		};
		6D57D4CE146D7A40002DBAF7 /* Debug */ = {
			isa = XCBuildConfiguration;
			buildSettings = {
				GCC_PRECOMPILE_PREFIX_HEADER = YES;
				GCC_PREFIX_HEADER = "MobileNewsGallery/MobileNewsGallery-Prefix.pch";
				INFOPLIST_FILE = "MobileNewsGallery/MobileNewsGallery-Info.plist";
				PRODUCT_NAME = "$(TARGET_NAME)";
				WRAPPER_EXTENSION = app;
			};
			name = Debug;
		};
		6D57D4CF146D7A40002DBAF7 /* Release */ = {
			isa = XCBuildConfiguration;
			buildSettings = {
				GCC_PRECOMPILE_PREFIX_HEADER = YES;
				GCC_PREFIX_HEADER = "MobileNewsGallery/MobileNewsGallery-Prefix.pch";
				INFOPLIST_FILE = "MobileNewsGallery/MobileNewsGallery-Info.plist";
				PRODUCT_NAME = "$(TARGET_NAME)";
				WRAPPER_EXTENSION = app;
			};
			name = Release;
		};
/* End XCBuildConfiguration section */

/* Begin XCConfigurationList section */
		6D57D4AF146D7A40002DBAF7 /* Build configuration list for PBXProject "MobileNewsGallery" */ = {
			isa = XCConfigurationList;
			buildConfigurations = (
				6D57D4CB146D7A40002DBAF7 /* Debug */,
				6D57D4CC146D7A40002DBAF7 /* Release */,
			);
			defaultConfigurationIsVisible = 0;
			defaultConfigurationName = Release;
		};
		6D57D4CD146D7A40002DBAF7 /* Build configuration list for PBXNativeTarget "MobileNewsGallery" */ = {
			isa = XCConfigurationList;
			buildConfigurations = (
				6D57D4CE146D7A40002DBAF7 /* Debug */,
				6D57D4CF146D7A40002DBAF7 /* Release */,
			);
			defaultConfigurationIsVisible = 0;
		};
/* End XCConfigurationList section */
	};
	rootObject = 6D57D4AC146D7A40002DBAF7 /* Project object */;
}
